// !$*UTF8*$!
{
	archiveVersion = 1;
	classes = {
	};
	objectVersion = 50;
	objects = {

/* Begin PBXBuildFile section */
		01220D5623E36AA200D8C783 /* AppDelegate.swift in Sources */ = {isa = PBXBuildFile; fileRef = 01220D5523E36AA200D8C783 /* AppDelegate.swift */; };
		01220D5823E36AA200D8C783 /* SceneDelegate.swift in Sources */ = {isa = PBXBuildFile; fileRef = 01220D5723E36AA200D8C783 /* SceneDelegate.swift */; };
		01220D5A23E36AA200D8C783 /* MasterViewController.swift in Sources */ = {isa = PBXBuildFile; fileRef = 01220D5923E36AA200D8C783 /* MasterViewController.swift */; };
		01220D5C23E36AA200D8C783 /* DetailViewController.swift in Sources */ = {isa = PBXBuildFile; fileRef = 01220D5B23E36AA200D8C783 /* DetailViewController.swift */; };
		01220D5F23E36AA200D8C783 /* Main.storyboard in Resources */ = {isa = PBXBuildFile; fileRef = 01220D5D23E36AA200D8C783 /* Main.storyboard */; };
		01220D6123E36AA600D8C783 /* Assets.xcassets in Resources */ = {isa = PBXBuildFile; fileRef = 01220D6023E36AA600D8C783 /* Assets.xcassets */; };
		01220D6423E36AA600D8C783 /* LaunchScreen.storyboard in Resources */ = {isa = PBXBuildFile; fileRef = 01220D6223E36AA600D8C783 /* LaunchScreen.storyboard */; };
		01220D6C23E36C0300D8C783 /* WhateverModel.swift in Sources */ = {isa = PBXBuildFile; fileRef = 01220D6B23E36C0300D8C783 /* WhateverModel.swift */; };
		01220D6E23E36C1300D8C783 /* DataManager.swift in Sources */ = {isa = PBXBuildFile; fileRef = 01220D6D23E36C1300D8C783 /* DataManager.swift */; };
/* End PBXBuildFile section */

/* Begin PBXFileReference section */
		01220D5223E36AA200D8C783 /* In Class Tables and Details.app */ = {isa = PBXFileReference; explicitFileType = wrapper.application; includeInIndex = 0; path = "In Class Tables and Details.app"; sourceTree = BUILT_PRODUCTS_DIR; };
		01220D5523E36AA200D8C783 /* AppDelegate.swift */ = {isa = PBXFileReference; lastKnownFileType = sourcecode.swift; path = AppDelegate.swift; sourceTree = "<group>"; };
		01220D5723E36AA200D8C783 /* SceneDelegate.swift */ = {isa = PBXFileReference; lastKnownFileType = sourcecode.swift; path = SceneDelegate.swift; sourceTree = "<group>"; };
		01220D5923E36AA200D8C783 /* MasterViewController.swift */ = {isa = PBXFileReference; lastKnownFileType = sourcecode.swift; path = MasterViewController.swift; sourceTree = "<group>"; };
		01220D5B23E36AA200D8C783 /* DetailViewController.swift */ = {isa = PBXFileReference; lastKnownFileType = sourcecode.swift; path = DetailViewController.swift; sourceTree = "<group>"; };
		01220D5E23E36AA200D8C783 /* Base */ = {isa = PBXFileReference; lastKnownFileType = file.storyboard; name = Base; path = Base.lproj/Main.storyboard; sourceTree = "<group>"; };
		01220D6023E36AA600D8C783 /* Assets.xcassets */ = {isa = PBXFileReference; lastKnownFileType = folder.assetcatalog; path = Assets.xcassets; sourceTree = "<group>"; };
		01220D6323E36AA600D8C783 /* Base */ = {isa = PBXFileReference; lastKnownFileType = file.storyboard; name = Base; path = Base.lproj/LaunchScreen.storyboard; sourceTree = "<group>"; };
		01220D6523E36AA600D8C783 /* Info.plist */ = {isa = PBXFileReference; lastKnownFileType = text.plist.xml; path = Info.plist; sourceTree = "<group>"; };
		01220D6B23E36C0300D8C783 /* WhateverModel.swift */ = {isa = PBXFileReference; lastKnownFileType = sourcecode.swift; path = WhateverModel.swift; sourceTree = "<group>"; };
		01220D6D23E36C1300D8C783 /* DataManager.swift */ = {isa = PBXFileReference; lastKnownFileType = sourcecode.swift; path = DataManager.swift; sourceTree = "<group>"; };
/* End PBXFileReference section */

/* Begin PBXFrameworksBuildPhase section */
		01220D4F23E36AA200D8C783 /* Frameworks */ = {
			isa = PBXFrameworksBuildPhase;
			buildActionMask = 2147483647;
			files = (
			);
			runOnlyForDeploymentPostprocessing = 0;
		};
/* End PBXFrameworksBuildPhase section */

/* Begin PBXGroup section */
		01220D4923E36AA200D8C783 = {
			isa = PBXGroup;
			children = (
				01220D5423E36AA200D8C783 /* In Class Tables and Details */,
				01220D5323E36AA200D8C783 /* Products */,
			);
			sourceTree = "<group>";
		};
		01220D5323E36AA200D8C783 /* Products */ = {
			isa = PBXGroup;
			children = (
				01220D5223E36AA200D8C783 /* In Class Tables and Details.app */,
			);
			name = Products;
			sourceTree = "<group>";
		};
		01220D5423E36AA200D8C783 /* In Class Tables and Details */ = {
			isa = PBXGroup;
			children = (
				01220D5523E36AA200D8C783 /* AppDelegate.swift */,
				01220D5723E36AA200D8C783 /* SceneDelegate.swift */,
				01220D5923E36AA200D8C783 /* MasterViewController.swift */,
				01220D5B23E36AA200D8C783 /* DetailViewController.swift */,
				01220D5D23E36AA200D8C783 /* Main.storyboard */,
				01220D6023E36AA600D8C783 /* Assets.xcassets */,
				01220D6223E36AA600D8C783 /* LaunchScreen.storyboard */,
				01220D6523E36AA600D8C783 /* Info.plist */,
				01220D6B23E36C0300D8C783 /* WhateverModel.swift */,
				01220D6D23E36C1300D8C783 /* DataManager.swift */,
			);
			path = "In Class Tables and Details";
			sourceTree = "<group>";
		};
/* End PBXGroup section */

/* Begin PBXNativeTarget section */
		01220D5123E36AA200D8C783 /* In Class Tables and Details */ = {
			isa = PBXNativeTarget;
			buildConfigurationList = 01220D6823E36AA600D8C783 /* Build configuration list for PBXNativeTarget "In Class Tables and Details" */;
			buildPhases = (
				01220D4E23E36AA200D8C783 /* Sources */,
				01220D4F23E36AA200D8C783 /* Frameworks */,
				01220D5023E36AA200D8C783 /* Resources */,
			);
			buildRules = (
			);
			dependencies = (
			);
			name = "In Class Tables and Details";
			productName = "In Class Tables and Details";
			productReference = 01220D5223E36AA200D8C783 /* In Class Tables and Details.app */;
			productType = "com.apple.product-type.application";
		};
/* End PBXNativeTarget section */

/* Begin PBXProject section */
		01220D4A23E36AA200D8C783 /* Project object */ = {
			isa = PBXProject;
			attributes = {
				LastSwiftUpdateCheck = 1130;
				LastUpgradeCheck = 1130;
				ORGANIZATIONNAME = "Paula Berggren";
				TargetAttributes = {
					01220D5123E36AA200D8C783 = {
						CreatedOnToolsVersion = 11.3.1;
					};
				};
			};
			buildConfigurationList = 01220D4D23E36AA200D8C783 /* Build configuration list for PBXProject "In Class Tables and Details" */;
			compatibilityVersion = "Xcode 9.3";
			developmentRegion = en;
			hasScannedForEncodings = 0;
			knownRegions = (
				en,
				Base,
			);
			mainGroup = 01220D4923E36AA200D8C783;
			productRefGroup = 01220D5323E36AA200D8C783 /* Products */;
			projectDirPath = "";
			projectRoot = "";
			targets = (
				01220D5123E36AA200D8C783 /* In Class Tables and Details */,
			);
		};
/* End PBXProject section */

/* Begin PBXResourcesBuildPhase section */
		01220D5023E36AA200D8C783 /* Resources */ = {
			isa = PBXResourcesBuildPhase;
			buildActionMask = 2147483647;
			files = (
				01220D6423E36AA600D8C783 /* LaunchScreen.storyboard in Resources */,
				01220D6123E36AA600D8C783 /* Assets.xcassets in Resources */,
				01220D5F23E36AA200D8C783 /* Main.storyboard in Resources */,
			);
			runOnlyForDeploymentPostprocessing = 0;
		};
/* End PBXResourcesBuildPhase section */

/* Begin PBXSourcesBuildPhase section */
		01220D4E23E36AA200D8C783 /* Sources */ = {
			isa = PBXSourcesBuildPhase;
			buildActionMask = 2147483647;
			files = (
				01220D5623E36AA200D8C783 /* AppDelegate.swift in Sources */,
				01220D6E23E36C1300D8C783 /* DataManager.swift in Sources */,
				01220D5823E36AA200D8C783 /* SceneDelegate.swift in Sources */,
				01220D5A23E36AA200D8C783 /* MasterViewController.swift in Sources */,
				01220D6C23E36C0300D8C783 /* WhateverModel.swift in Sources */,
				01220D5C23E36AA200D8C783 /* DetailViewController.swift in Sources */,
			);
			runOnlyForDeploymentPostprocessing = 0;
		};
/* End PBXSourcesBuildPhase section */

/* Begin PBXVariantGroup section */
		01220D5D23E36AA200D8C783 /* Main.storyboard */ = {
			isa = PBXVariantGroup;
			children = (
				01220D5E23E36AA200D8C783 /* Base */,
			);
			name = Main.storyboard;
			sourceTree = "<group>";
		};
		01220D6223E36AA600D8C783 /* LaunchScreen.storyboard */ = {
			isa = PBXVariantGroup;
			children = (
				01220D6323E36AA600D8C783 /* Base */,
			);
			name = LaunchScreen.storyboard;
			sourceTree = "<group>";
		};
/* End PBXVariantGroup section */

/* Begin XCBuildConfiguration section */
		01220D6623E36AA600D8C783 /* Debug */ = {
			isa = XCBuildConfiguration;
			buildSettings = {
				ALWAYS_SEARCH_USER_PATHS = NO;
				CLANG_ANALYZER_NONNULL = YES;
				CLANG_ANALYZER_NUMBER_OBJECT_CONVERSION = YES_AGGRESSIVE;
				CLANG_CXX_LANGUAGE_STANDARD = "gnu++14";
				CLANG_CXX_LIBRARY = "libc++";
				CLANG_ENABLE_MODULES = YES;
				CLANG_ENABLE_OBJC_ARC = YES;
				CLANG_ENABLE_OBJC_WEAK = YES;
				CLANG_WARN_BLOCK_CAPTURE_AUTORELEASING = YES;
				CLANG_WARN_BOOL_CONVERSION = YES;
				CLANG_WARN_COMMA = YES;
				CLANG_WARN_CONSTANT_CONVERSION = YES;
				CLANG_WARN_DEPRECATED_OBJC_IMPLEMENTATIONS = YES;
				CLANG_WARN_DIRECT_OBJC_ISA_USAGE = YES_ERROR;
				CLANG_WARN_DOCUMENTATION_COMMENTS = YES;
				CLANG_WARN_EMPTY_BODY = YES;
				CLANG_WARN_ENUM_CONVERSION = YES;
				CLANG_WARN_INFINITE_RECURSION = YES;
				CLANG_WARN_INT_CONVERSION = YES;
				CLANG_WARN_NON_LITERAL_NULL_CONVERSION = YES;
				CLANG_WARN_OBJC_IMPLICIT_RETAIN_SELF = YES;
				CLANG_WARN_OBJC_LITERAL_CONVERSION = YES;
				CLANG_WARN_OBJC_ROOT_CLASS = YES_ERROR;
				CLANG_WARN_RANGE_LOOP_ANALYSIS = YES;
				CLANG_WARN_STRICT_PROTOTYPES = YES;
				CLANG_WARN_SUSPICIOUS_MOVE = YES;
				CLANG_WARN_UNGUARDED_AVAILABILITY = YES_AGGRESSIVE;
				CLANG_WARN_UNREACHABLE_CODE = YES;
				CLANG_WARN__DUPLICATE_METHOD_MATCH = YES;
				COPY_PHASE_STRIP = NO;
				DEBUG_INFORMATION_FORMAT = dwarf;
				ENABLE_STRICT_OBJC_MSGSEND = YES;
				ENABLE_TESTABILITY = YES;
				GCC_C_LANGUAGE_STANDARD = gnu11;
				GCC_DYNAMIC_NO_PIC = NO;
				GCC_NO_COMMON_BLOCKS = YES;
				GCC_OPTIMIZATION_LEVEL = 0;
				GCC_PREPROCESSOR_DEFINITIONS = (
					"DEBUG=1",
					"$(inherited)",
				);
				GCC_WARN_64_TO_32_BIT_CONVERSION = YES;
				GCC_WARN_ABOUT_RETURN_TYPE = YES_ERROR;
				GCC_WARN_UNDECLARED_SELECTOR = YES;
				GCC_WARN_UNINITIALIZED_AUTOS = YES_AGGRESSIVE;
				GCC_WARN_UNUSED_FUNCTION = YES;
				GCC_WARN_UNUSED_VARIABLE = YES;
				IPHONEOS_DEPLOYMENT_TARGET = 13.2;
				MTL_ENABLE_DEBUG_INFO = INCLUDE_SOURCE;
				MTL_FAST_MATH = YES;
				ONLY_ACTIVE_ARCH = YES;
				SDKROOT = iphoneos;
				SWIFT_ACTIVE_COMPILATION_CONDITIONS = DEBUG;
				SWIFT_OPTIMIZATION_LEVEL = "-Onone";
			};
			name = Debug;
		};
		01220D6723E36AA600D8C783 /* Release */ = {
			isa = XCBuildConfiguration;
			buildSettings = {
				ALWAYS_SEARCH_USER_PATHS = NO;
				CLANG_ANALYZER_NONNULL = YES;
				CLANG_ANALYZER_NUMBER_OBJECT_CONVERSION = YES_AGGRESSIVE;
				CLANG_CXX_LANGUAGE_STANDARD = "gnu++14";
				CLANG_CXX_LIBRARY = "libc++";
				CLANG_ENABLE_MODULES = YES;
				CLANG_ENABLE_OBJC_ARC = YES;
				CLANG_ENABLE_OBJC_WEAK = YES;
				CLANG_WARN_BLOCK_CAPTURE_AUTORELEASING = YES;
				CLANG_WARN_BOOL_CONVERSION = YES;
				CLANG_WARN_COMMA = YES;
				CLANG_WARN_CONSTANT_CONVERSION = YES;
				CLANG_WARN_DEPRECATED_OBJC_IMPLEMENTATIONS = YES;
				CLANG_WARN_DIRECT_OBJC_ISA_USAGE = YES_ERROR;
				CLANG_WARN_DOCUMENTATION_COMMENTS = YES;
				CLANG_WARN_EMPTY_BODY = YES;
				CLANG_WARN_ENUM_CONVERSION = YES;
				CLANG_WARN_INFINITE_RECURSION = YES;
				CLANG_WARN_INT_CONVERSION = YES;
				CLANG_WARN_NON_LITERAL_NULL_CONVERSION = YES;
				CLANG_WARN_OBJC_IMPLICIT_RETAIN_SELF = YES;
				CLANG_WARN_OBJC_LITERAL_CONVERSION = YES;
				CLANG_WARN_OBJC_ROOT_CLASS = YES_ERROR;
				CLANG_WARN_RANGE_LOOP_ANALYSIS = YES;
				CLANG_WARN_STRICT_PROTOTYPES = YES;
				CLANG_WARN_SUSPICIOUS_MOVE = YES;
				CLANG_WARN_UNGUARDED_AVAILABILITY = YES_AGGRESSIVE;
				CLANG_WARN_UNREACHABLE_CODE = YES;
				CLANG_WARN__DUPLICATE_METHOD_MATCH = YES;
				COPY_PHASE_STRIP = NO;
				DEBUG_INFORMATION_FORMAT = "dwarf-with-dsym";
				ENABLE_NS_ASSERTIONS = NO;
				ENABLE_STRICT_OBJC_MSGSEND = YES;
				GCC_C_LANGUAGE_STANDARD = gnu11;
				GCC_NO_COMMON_BLOCKS = YES;
				GCC_WARN_64_TO_32_BIT_CONVERSION = YES;
				GCC_WARN_ABOUT_RETURN_TYPE = YES_ERROR;
				GCC_WARN_UNDECLARED_SELECTOR = YES;
				GCC_WARN_UNINITIALIZED_AUTOS = YES_AGGRESSIVE;
				GCC_WARN_UNUSED_FUNCTION = YES;
				GCC_WARN_UNUSED_VARIABLE = YES;
				IPHONEOS_DEPLOYMENT_TARGET = 13.2;
				MTL_ENABLE_DEBUG_INFO = NO;
				MTL_FAST_MATH = YES;
				SDKROOT = iphoneos;
				SWIFT_COMPILATION_MODE = wholemodule;
				SWIFT_OPTIMIZATION_LEVEL = "-O";
				VALIDATE_PRODUCT = YES;
			};
			name = Release;
		};
		01220D6923E36AA600D8C783 /* Debug */ = {
			isa = XCBuildConfiguration;
			buildSettings = {
				ASSETCATALOG_COMPILER_APPICON_NAME = AppIcon;
				CODE_SIGN_STYLE = Automatic;
				INFOPLIST_FILE = "In Class Tables and Details/Info.plist";
				LD_RUNPATH_SEARCH_PATHS = (
					"$(inherited)",
					"@executable_path/Frameworks",
				);
				PRODUCT_BUNDLE_IDENTIFIER = "edu.acu.cs316.In-Class-Tables-and-Details";
				PRODUCT_NAME = "$(TARGET_NAME)";
				SWIFT_VERSION = 5.0;
				TARGETED_DEVICE_FAMILY = "1,2";
			};
			name = Debug;
		};
		01220D6A23E36AA600D8C783 /* Release */ = {
			isa = XCBuildConfiguration;
			buildSettings = {
				ASSETCATALOG_COMPILER_APPICON_NAME = AppIcon;
				CODE_SIGN_STYLE = Automatic;
				INFOPLIST_FILE = "In Class Tables and Details/Info.plist";
				LD_RUNPATH_SEARCH_PATHS = (
					"$(inherited)",
					"@executable_path/Frameworks",
				);
				PRODUCT_BUNDLE_IDENTIFIER = "edu.acu.cs316.In-Class-Tables-and-Details";
				PRODUCT_NAME = "$(TARGET_NAME)";
				SWIFT_VERSION = 5.0;
				TARGETED_DEVICE_FAMILY = "1,2";
			};
			name = Release;
		};
/* End XCBuildConfiguration section */

/* Begin XCConfigurationList section */
		01220D4D23E36AA200D8C783 /* Build configuration list for PBXProject "In Class Tables and Details" */ = {
			isa = XCConfigurationList;
			buildConfigurations = (
				01220D6623E36AA600D8C783 /* Debug */,
				01220D6723E36AA600D8C783 /* Release */,
			);
			defaultConfigurationIsVisible = 0;
			defaultConfigurationName = Release;
		};
		01220D6823E36AA600D8C783 /* Build configuration list for PBXNativeTarget "In Class Tables and Details" */ = {
			isa = XCConfigurationList;
			buildConfigurations = (
				01220D6923E36AA600D8C783 /* Debug */,
				01220D6A23E36AA600D8C783 /* Release */,
			);
			defaultConfigurationIsVisible = 0;
			defaultConfigurationName = Release;
		};
/* End XCConfigurationList section */
	};
	rootObject = 01220D4A23E36AA200D8C783 /* Project object */;
}
